
Microsoft Visual Studio Solution File, Format Version 12.00
# Visual Studio Version 16
VisualStudioVersion = 16.0.30011.22
MinimumVisualStudioVersion = 10.0.40219.1
Project("{FAE04EC0-301F-11D3-BF4B-00C04F79EFBC}") = "SPP-LegionV2-Management", "SPP-LegionV2-Management.csproj", "{3C5A90E3-ED18-4139-8C15-6A6BAE0E903E}"
EndProject
Global
	GlobalSection(SolutionConfigurationPlatforms) = preSolution
		Debug|Any CPU = Debug|Any CPU
		Release|Any CPU = Release|Any CPU
	EndGlobalSection
	GlobalSection(ProjectConfigurationPlatforms) = postSolution
		{3C5A90E3-ED18-4139-8C15-6A6BAE0E903E}.Debug|Any CPU.ActiveCfg = Debug|Any CPU
		{3C5A90E3-ED18-4139-8C15-6A6BAE0E903E}.Debug|Any CPU.Build.0 = Debug|Any CPU
		{3C5A90E3-ED18-4139-8C15-6A6BAE0E903E}.Release|Any CPU.ActiveCfg = Release|Any CPU
		{3C5A90E3-ED18-4139-8C15-6A6BAE0E903E}.Release|Any CPU.Build.0 = Release|Any CPU
	EndGlobalSection
	GlobalSection(SolutionProperties) = preSolution
		HideSolutionNode = FALSE
	EndGlobalSection
	GlobalSection(ExtensibilityGlobals) = postSolution
		SolutionGuid = {48D1009B-7662-4455-9646-E91079C61C64}
	EndGlobalSection
EndGlobal
